
Microsoft Visual Studio Solution File, Format Version 12.00
# Visual Studio 15
VisualStudioVersion = 15.0.28307.1831
MinimumVisualStudioVersion = 10.0.40219.1
Project("{FAE04EC0-301F-11D3-BF4B-00C04F79EFBC}") = "Homework-14.04.2022", "Homework-14.04.2022\Homework-14.04.2022.csproj", "{0794E615-8E5D-40AC-AB51-A836DD22BFEE}"
EndProject
Global
	GlobalSection(SolutionConfigurationPlatforms) = preSolution
		Debug|Any CPU = Debug|Any CPU
		Release|Any CPU = Release|Any CPU
	EndGlobalSection
	GlobalSection(ProjectConfigurationPlatforms) = postSolution
		{0794E615-8E5D-40AC-AB51-A836DD22BFEE}.Debug|Any CPU.ActiveCfg = Debug|Any CPU
		{0794E615-8E5D-40AC-AB51-A836DD22BFEE}.Debug|Any CPU.Build.0 = Debug|Any CPU
		{0794E615-8E5D-40AC-AB51-A836DD22BFEE}.Release|Any CPU.ActiveCfg = Release|Any CPU
		{0794E615-8E5D-40AC-AB51-A836DD22BFEE}.Release|Any CPU.Build.0 = Release|Any CPU
	EndGlobalSection
	GlobalSection(SolutionProperties) = preSolution
		HideSolutionNode = FALSE
	EndGlobalSection
	GlobalSection(ExtensibilityGlobals) = postSolution
		SolutionGuid = {92DF7115-A73B-4A06-834D-CCC1CBA35BF6}
	EndGlobalSection
EndGlobal
